
Microsoft Visual Studio Solution File, Format Version 12.00
# Visual Studio Version 17
VisualStudioVersion = 17.8.34330.188
MinimumVisualStudioVersion = 10.0.40219.1
Project("{FAE04EC0-301F-11D3-BF4B-00C04F79EFBC}") = "Pz14", "Pz14\Pz14.csproj", "{AD18381A-943E-45DC-8A51-F10E8210667D}"
EndProject
Global
	GlobalSection(SolutionConfigurationPlatforms) = preSolution
		Debug|Any CPU = Debug|Any CPU
		Release|Any CPU = Release|Any CPU
	EndGlobalSection
	GlobalSection(ProjectConfigurationPlatforms) = postSolution
		{AD18381A-943E-45DC-8A51-F10E8210667D}.Debug|Any CPU.ActiveCfg = Debug|Any CPU
		{AD18381A-943E-45DC-8A51-F10E8210667D}.Debug|Any CPU.Build.0 = Debug|Any CPU
		{AD18381A-943E-45DC-8A51-F10E8210667D}.Release|Any CPU.ActiveCfg = Release|Any CPU
		{AD18381A-943E-45DC-8A51-F10E8210667D}.Release|Any CPU.Build.0 = Release|Any CPU
	EndGlobalSection
	GlobalSection(SolutionProperties) = preSolution
		HideSolutionNode = FALSE
	EndGlobalSection
	GlobalSection(ExtensibilityGlobals) = postSolution
		SolutionGuid = {EA80672D-5F96-492E-8D00-B01F108E8E61}
	EndGlobalSection
EndGlobal
